
Microsoft Visual Studio Solution File, Format Version 12.00
# Visual Studio Version 17
VisualStudioVersion = 17.2.32616.157
MinimumVisualStudioVersion = 10.0.40219.1
Project("{FAE04EC0-301F-11D3-BF4B-00C04F79EFBC}") = "deneme", "deneme\deneme.csproj", "{9DF688C0-ABD9-43C3-AADD-8DBBD46AA830}"
EndProject
Global
	GlobalSection(SolutionConfigurationPlatforms) = preSolution
		Debug|Any CPU = Debug|Any CPU
		Release|Any CPU = Release|Any CPU
	EndGlobalSection
	GlobalSection(ProjectConfigurationPlatforms) = postSolution
		{9DF688C0-ABD9-43C3-AADD-8DBBD46AA830}.Debug|Any CPU.ActiveCfg = Debug|Any CPU
		{9DF688C0-ABD9-43C3-AADD-8DBBD46AA830}.Debug|Any CPU.Build.0 = Debug|Any CPU
		{9DF688C0-ABD9-43C3-AADD-8DBBD46AA830}.Release|Any CPU.ActiveCfg = Release|Any CPU
		{9DF688C0-ABD9-43C3-AADD-8DBBD46AA830}.Release|Any CPU.Build.0 = Release|Any CPU
	EndGlobalSection
	GlobalSection(SolutionProperties) = preSolution
		HideSolutionNode = FALSE
	EndGlobalSection
	GlobalSection(ExtensibilityGlobals) = postSolution
		SolutionGuid = {1EA2D87C-0510-44B8-9748-8C0218B93FE8}
	EndGlobalSection
EndGlobal
